
Microsoft Visual Studio Solution File, Format Version 12.00
Project("{FAE04EC0-301F-11D3-BF4B-00C04F79EFBC}") = "ToDoTask.Api", "ToDoTask.Api\ToDoTask.Api.csproj", "{BC5EC986-F704-4055-AF88-37E12D69704B}"
EndProject
Project("{FAE04EC0-301F-11D3-BF4B-00C04F79EFBC}") = "ToDoTask.Domain", "ToDoTask.Domain\ToDoTask.Domain.csproj", "{834C3BD2-6B1D-474D-A427-05CA372EFAE2}"
EndProject
Project("{FAE04EC0-301F-11D3-BF4B-00C04F79EFBC}") = "ToDoTask.Infrastructure", "ToDoTask.Infrastructure\ToDoTask.Infrastructure.csproj", "{7DE4C88A-EA20-4BE9-9A86-AAEB34FFCCFC}"
EndProject
Project("{FAE04EC0-301F-11D3-BF4B-00C04F79EFBC}") = "ToDoTask.Application", "ToDoTask.Application\ToDoTask.Application.csproj", "{EB0B7CD5-2F27-453C-87AB-7A001BA4FE89}"
EndProject
Project("{FAE04EC0-301F-11D3-BF4B-00C04F79EFBC}") = "TestingOfProject", "TestingOfProject\TestingOfProject.csproj", "{FEAB41A1-F9B1-4916-9C7A-254F8BF6DD3F}"
EndProject
Global
	GlobalSection(SolutionConfigurationPlatforms) = preSolution
		Debug|Any CPU = Debug|Any CPU
		Release|Any CPU = Release|Any CPU
	EndGlobalSection
	GlobalSection(ProjectConfigurationPlatforms) = postSolution
		{BC5EC986-F704-4055-AF88-37E12D69704B}.Debug|Any CPU.ActiveCfg = Debug|Any CPU
		{BC5EC986-F704-4055-AF88-37E12D69704B}.Debug|Any CPU.Build.0 = Debug|Any CPU
		{BC5EC986-F704-4055-AF88-37E12D69704B}.Release|Any CPU.ActiveCfg = Release|Any CPU
		{BC5EC986-F704-4055-AF88-37E12D69704B}.Release|Any CPU.Build.0 = Release|Any CPU
		{834C3BD2-6B1D-474D-A427-05CA372EFAE2}.Debug|Any CPU.ActiveCfg = Debug|Any CPU
		{834C3BD2-6B1D-474D-A427-05CA372EFAE2}.Debug|Any CPU.Build.0 = Debug|Any CPU
		{834C3BD2-6B1D-474D-A427-05CA372EFAE2}.Release|Any CPU.ActiveCfg = Release|Any CPU
		{834C3BD2-6B1D-474D-A427-05CA372EFAE2}.Release|Any CPU.Build.0 = Release|Any CPU
		{7DE4C88A-EA20-4BE9-9A86-AAEB34FFCCFC}.Debug|Any CPU.ActiveCfg = Debug|Any CPU
		{7DE4C88A-EA20-4BE9-9A86-AAEB34FFCCFC}.Debug|Any CPU.Build.0 = Debug|Any CPU
		{7DE4C88A-EA20-4BE9-9A86-AAEB34FFCCFC}.Release|Any CPU.ActiveCfg = Release|Any CPU
		{7DE4C88A-EA20-4BE9-9A86-AAEB34FFCCFC}.Release|Any CPU.Build.0 = Release|Any CPU
		{EB0B7CD5-2F27-453C-87AB-7A001BA4FE89}.Debug|Any CPU.ActiveCfg = Debug|Any CPU
		{EB0B7CD5-2F27-453C-87AB-7A001BA4FE89}.Debug|Any CPU.Build.0 = Debug|Any CPU
		{EB0B7CD5-2F27-453C-87AB-7A001BA4FE89}.Release|Any CPU.ActiveCfg = Release|Any CPU
		{EB0B7CD5-2F27-453C-87AB-7A001BA4FE89}.Release|Any CPU.Build.0 = Release|Any CPU
		{FEAB41A1-F9B1-4916-9C7A-254F8BF6DD3F}.Debug|Any CPU.ActiveCfg = Debug|Any CPU
		{FEAB41A1-F9B1-4916-9C7A-254F8BF6DD3F}.Debug|Any CPU.Build.0 = Debug|Any CPU
		{FEAB41A1-F9B1-4916-9C7A-254F8BF6DD3F}.Release|Any CPU.ActiveCfg = Release|Any CPU
		{FEAB41A1-F9B1-4916-9C7A-254F8BF6DD3F}.Release|Any CPU.Build.0 = Release|Any CPU
	EndGlobalSection
EndGlobal
